// !$*UTF8*$!
{
	archiveVersion = 1;
	classes = {
	};
	objectVersion = 55;
	objects = {

/* Begin PBXBuildFile section */
		4160ABB228B56152002D4EF2 /* AppDelegate.swift in Sources */ = {isa = PBXBuildFile; fileRef = 4160ABB128B56152002D4EF2 /* AppDelegate.swift */; };
		4160ABB428B56152002D4EF2 /* SceneDelegate.swift in Sources */ = {isa = PBXBuildFile; fileRef = 4160ABB328B56152002D4EF2 /* SceneDelegate.swift */; };
		4160ABB628B56152002D4EF2 /* ViewController.swift in Sources */ = {isa = PBXBuildFile; fileRef = 4160ABB528B56152002D4EF2 /* ViewController.swift */; };
		4160ABBB28B56154002D4EF2 /* Assets.xcassets in Resources */ = {isa = PBXBuildFile; fileRef = 4160ABBA28B56154002D4EF2 /* Assets.xcassets */; };
		4160ABBE28B56154002D4EF2 /* LaunchScreen.storyboard in Resources */ = {isa = PBXBuildFile; fileRef = 4160ABBC28B56154002D4EF2 /* LaunchScreen.storyboard */; };
		4160ABC928B56154002D4EF2 /* GithubFollowersTests.swift in Sources */ = {isa = PBXBuildFile; fileRef = 4160ABC828B56154002D4EF2 /* GithubFollowersTests.swift */; };
		4160ABD328B56154002D4EF2 /* GithubFollowersUITests.swift in Sources */ = {isa = PBXBuildFile; fileRef = 4160ABD228B56154002D4EF2 /* GithubFollowersUITests.swift */; };
		4160ABD528B56154002D4EF2 /* GithubFollowersUITestsLaunchTests.swift in Sources */ = {isa = PBXBuildFile; fileRef = 4160ABD428B56154002D4EF2 /* GithubFollowersUITestsLaunchTests.swift */; };
/* End PBXBuildFile section */

/* Begin PBXContainerItemProxy section */
		4160ABC528B56154002D4EF2 /* PBXContainerItemProxy */ = {
			isa = PBXContainerItemProxy;
			containerPortal = 4160ABA628B56152002D4EF2 /* Project object */;
			proxyType = 1;
			remoteGlobalIDString = 4160ABAD28B56152002D4EF2;
			remoteInfo = GithubFollowers;
		};
		4160ABCF28B56154002D4EF2 /* PBXContainerItemProxy */ = {
			isa = PBXContainerItemProxy;
			containerPortal = 4160ABA628B56152002D4EF2 /* Project object */;
			proxyType = 1;
			remoteGlobalIDString = 4160ABAD28B56152002D4EF2;
			remoteInfo = GithubFollowers;
		};
/* End PBXContainerItemProxy section */

/* Begin PBXFileReference section */
		4160ABAE28B56152002D4EF2 /* GithubFollowers.app */ = {isa = PBXFileReference; explicitFileType = wrapper.application; includeInIndex = 0; path = GithubFollowers.app; sourceTree = BUILT_PRODUCTS_DIR; };
		4160ABB128B56152002D4EF2 /* AppDelegate.swift */ = {isa = PBXFileReference; lastKnownFileType = sourcecode.swift; path = AppDelegate.swift; sourceTree = "<group>"; };
		4160ABB328B56152002D4EF2 /* SceneDelegate.swift */ = {isa = PBXFileReference; lastKnownFileType = sourcecode.swift; path = SceneDelegate.swift; sourceTree = "<group>"; };
		4160ABB528B56152002D4EF2 /* ViewController.swift */ = {isa = PBXFileReference; lastKnownFileType = sourcecode.swift; path = ViewController.swift; sourceTree = "<group>"; };
		4160ABBA28B56154002D4EF2 /* Assets.xcassets */ = {isa = PBXFileReference; lastKnownFileType = folder.assetcatalog; path = Assets.xcassets; sourceTree = "<group>"; };
		4160ABBD28B56154002D4EF2 /* Base */ = {isa = PBXFileReference; lastKnownFileType = file.storyboard; name = Base; path = Base.lproj/LaunchScreen.storyboard; sourceTree = "<group>"; };
		4160ABBF28B56154002D4EF2 /* Info.plist */ = {isa = PBXFileReference; lastKnownFileType = text.plist.xml; path = Info.plist; sourceTree = "<group>"; };
		4160ABC428B56154002D4EF2 /* GithubFollowersTests.xctest */ = {isa = PBXFileReference; explicitFileType = wrapper.cfbundle; includeInIndex = 0; path = GithubFollowersTests.xctest; sourceTree = BUILT_PRODUCTS_DIR; };
		4160ABC828B56154002D4EF2 /* GithubFollowersTests.swift */ = {isa = PBXFileReference; lastKnownFileType = sourcecode.swift; path = GithubFollowersTests.swift; sourceTree = "<group>"; };
		4160ABCE28B56154002D4EF2 /* GithubFollowersUITests.xctest */ = {isa = PBXFileReference; explicitFileType = wrapper.cfbundle; includeInIndex = 0; path = GithubFollowersUITests.xctest; sourceTree = BUILT_PRODUCTS_DIR; };
		4160ABD228B56154002D4EF2 /* GithubFollowersUITests.swift */ = {isa = PBXFileReference; lastKnownFileType = sourcecode.swift; path = GithubFollowersUITests.swift; sourceTree = "<group>"; };
		4160ABD428B56154002D4EF2 /* GithubFollowersUITestsLaunchTests.swift */ = {isa = PBXFileReference; lastKnownFileType = sourcecode.swift; path = GithubFollowersUITestsLaunchTests.swift; sourceTree = "<group>"; };
/* End PBXFileReference section */

/* Begin PBXFrameworksBuildPhase section */
		4160ABAB28B56152002D4EF2 /* Frameworks */ = {
			isa = PBXFrameworksBuildPhase;
			buildActionMask = 2147483647;
			files = (
			);
			runOnlyForDeploymentPostprocessing = 0;
		};
		4160ABC128B56154002D4EF2 /* Frameworks */ = {
			isa = PBXFrameworksBuildPhase;
			buildActionMask = 2147483647;
			files = (
			);
			runOnlyForDeploymentPostprocessing = 0;
		};
		4160ABCB28B56154002D4EF2 /* Frameworks */ = {
			isa = PBXFrameworksBuildPhase;
			buildActionMask = 2147483647;
			files = (
			);
			runOnlyForDeploymentPostprocessing = 0;
		};
/* End PBXFrameworksBuildPhase section */

/* Begin PBXGroup section */
		4160ABA528B56152002D4EF2 = {
			isa = PBXGroup;
			children = (
				4160ABB028B56152002D4EF2 /* GithubFollowers */,
				4160ABC728B56154002D4EF2 /* GithubFollowersTests */,
				4160ABD128B56154002D4EF2 /* GithubFollowersUITests */,
				4160ABAF28B56152002D4EF2 /* Products */,
			);
			sourceTree = "<group>";
		};
		4160ABAF28B56152002D4EF2 /* Products */ = {
			isa = PBXGroup;
			children = (
				4160ABAE28B56152002D4EF2 /* GithubFollowers.app */,
				4160ABC428B56154002D4EF2 /* GithubFollowersTests.xctest */,
				4160ABCE28B56154002D4EF2 /* GithubFollowersUITests.xctest */,
			);
			name = Products;
			sourceTree = "<group>";
		};
		4160ABB028B56152002D4EF2 /* GithubFollowers */ = {
			isa = PBXGroup;
			children = (
				4160ABF528B56D30002D4EF2 /* Views */,
				4160ABF428B56D2A002D4EF2 /* Models */,
				4160ABF328B56D26002D4EF2 /* Screens */,
				4160ABF228B56D22002D4EF2 /* Managers */,
				4160ABF128B56D18002D4EF2 /* Extensions */,
				4160ABF028B56D13002D4EF2 /* Support */,
				4160ABEF28B56D09002D4EF2 /* Utilities */,
				4160ABB528B56152002D4EF2 /* ViewController.swift */,
				4160ABBF28B56154002D4EF2 /* Info.plist */,
			);
			path = GithubFollowers;
			sourceTree = "<group>";
		};
		4160ABC728B56154002D4EF2 /* GithubFollowersTests */ = {
			isa = PBXGroup;
			children = (
				4160ABC828B56154002D4EF2 /* GithubFollowersTests.swift */,
			);
			path = GithubFollowersTests;
			sourceTree = "<group>";
		};
		4160ABD128B56154002D4EF2 /* GithubFollowersUITests */ = {
			isa = PBXGroup;
			children = (
				4160ABD228B56154002D4EF2 /* GithubFollowersUITests.swift */,
				4160ABD428B56154002D4EF2 /* GithubFollowersUITestsLaunchTests.swift */,
			);
			path = GithubFollowersUITests;
			sourceTree = "<group>";
		};
		4160ABEF28B56D09002D4EF2 /* Utilities */ = {
			isa = PBXGroup;
			children = (
			);
			path = Utilities;
			sourceTree = "<group>";
		};
		4160ABF028B56D13002D4EF2 /* Support */ = {
			isa = PBXGroup;
			children = (
				4160ABBA28B56154002D4EF2 /* Assets.xcassets */,
				4160ABB128B56152002D4EF2 /* AppDelegate.swift */,
				4160ABB328B56152002D4EF2 /* SceneDelegate.swift */,
				4160ABBC28B56154002D4EF2 /* LaunchScreen.storyboard */,
			);
			path = Support;
			sourceTree = "<group>";
		};
		4160ABF128B56D18002D4EF2 /* Extensions */ = {
			isa = PBXGroup;
			children = (
			);
			path = Extensions;
			sourceTree = "<group>";
		};
		4160ABF228B56D22002D4EF2 /* Managers */ = {
			isa = PBXGroup;
			children = (
			);
			path = Managers;
			sourceTree = "<group>";
		};
		4160ABF328B56D26002D4EF2 /* Screens */ = {
			isa = PBXGroup;
			children = (
			);
			path = Screens;
			sourceTree = "<group>";
		};
		4160ABF428B56D2A002D4EF2 /* Models */ = {
			isa = PBXGroup;
			children = (
			);
			path = Models;
			sourceTree = "<group>";
		};
		4160ABF528B56D30002D4EF2 /* Views */ = {
			isa = PBXGroup;
			children = (
			);
			path = Views;
			sourceTree = "<group>";
		};
/* End PBXGroup section */

/* Begin PBXNativeTarget section */
		4160ABAD28B56152002D4EF2 /* GithubFollowers */ = {
			isa = PBXNativeTarget;
			buildConfigurationList = 4160ABD828B56154002D4EF2 /* Build configuration list for PBXNativeTarget "GithubFollowers" */;
			buildPhases = (
				4160ABAA28B56152002D4EF2 /* Sources */,
				4160ABAB28B56152002D4EF2 /* Frameworks */,
				4160ABAC28B56152002D4EF2 /* Resources */,
			);
			buildRules = (
			);
			dependencies = (
			);
			name = GithubFollowers;
			productName = GithubFollowers;
			productReference = 4160ABAE28B56152002D4EF2 /* GithubFollowers.app */;
			productType = "com.apple.product-type.application";
		};
		4160ABC328B56154002D4EF2 /* GithubFollowersTests */ = {
			isa = PBXNativeTarget;
			buildConfigurationList = 4160ABDB28B56154002D4EF2 /* Build configuration list for PBXNativeTarget "GithubFollowersTests" */;
			buildPhases = (
				4160ABC028B56154002D4EF2 /* Sources */,
				4160ABC128B56154002D4EF2 /* Frameworks */,
				4160ABC228B56154002D4EF2 /* Resources */,
			);
			buildRules = (
			);
			dependencies = (
				4160ABC628B56154002D4EF2 /* PBXTargetDependency */,
			);
			name = GithubFollowersTests;
			productName = GithubFollowersTests;
			productReference = 4160ABC428B56154002D4EF2 /* GithubFollowersTests.xctest */;
			productType = "com.apple.product-type.bundle.unit-test";
		};
		4160ABCD28B56154002D4EF2 /* GithubFollowersUITests */ = {
			isa = PBXNativeTarget;
			buildConfigurationList = 4160ABDE28B56154002D4EF2 /* Build configuration list for PBXNativeTarget "GithubFollowersUITests" */;
			buildPhases = (
				4160ABCA28B56154002D4EF2 /* Sources */,
				4160ABCB28B56154002D4EF2 /* Frameworks */,
				4160ABCC28B56154002D4EF2 /* Resources */,
			);
			buildRules = (
			);
			dependencies = (
				4160ABD028B56154002D4EF2 /* PBXTargetDependency */,
			);
			name = GithubFollowersUITests;
			productName = GithubFollowersUITests;
			productReference = 4160ABCE28B56154002D4EF2 /* GithubFollowersUITests.xctest */;
			productType = "com.apple.product-type.bundle.ui-testing";
		};
/* End PBXNativeTarget section */

/* Begin PBXProject section */
		4160ABA628B56152002D4EF2 /* Project object */ = {
			isa = PBXProject;
			attributes = {
				BuildIndependentTargetsInParallel = 1;
				LastSwiftUpdateCheck = 1340;
				LastUpgradeCheck = 1340;
				TargetAttributes = {
					4160ABAD28B56152002D4EF2 = {
						CreatedOnToolsVersion = 13.4.1;
					};
					4160ABC328B56154002D4EF2 = {
						CreatedOnToolsVersion = 13.4.1;
						TestTargetID = 4160ABAD28B56152002D4EF2;
					};
					4160ABCD28B56154002D4EF2 = {
						CreatedOnToolsVersion = 13.4.1;
						TestTargetID = 4160ABAD28B56152002D4EF2;
					};
				};
			};
			buildConfigurationList = 4160ABA928B56152002D4EF2 /* Build configuration list for PBXProject "GithubFollowers" */;
			compatibilityVersion = "Xcode 13.0";
			developmentRegion = en;
			hasScannedForEncodings = 0;
			knownRegions = (
				en,
				Base,
			);
			mainGroup = 4160ABA528B56152002D4EF2;
			productRefGroup = 4160ABAF28B56152002D4EF2 /* Products */;
			projectDirPath = "";
			projectRoot = "";
			targets = (
				4160ABAD28B56152002D4EF2 /* GithubFollowers */,
				4160ABC328B56154002D4EF2 /* GithubFollowersTests */,
				4160ABCD28B56154002D4EF2 /* GithubFollowersUITests */,
			);
		};
/* End PBXProject section */

/* Begin PBXResourcesBuildPhase section */
		4160ABAC28B56152002D4EF2 /* Resources */ = {
			isa = PBXResourcesBuildPhase;
			buildActionMask = 2147483647;
			files = (
				4160ABBE28B56154002D4EF2 /* LaunchScreen.storyboard in Resources */,
				4160ABBB28B56154002D4EF2 /* Assets.xcassets in Resources */,
			);
			runOnlyForDeploymentPostprocessing = 0;
		};
		4160ABC228B56154002D4EF2 /* Resources */ = {
			isa = PBXResourcesBuildPhase;
			buildActionMask = 2147483647;
			files = (
			);
			runOnlyForDeploymentPostprocessing = 0;
		};
		4160ABCC28B56154002D4EF2 /* Resources */ = {
			isa = PBXResourcesBuildPhase;
			buildActionMask = 2147483647;
			files = (
			);
			runOnlyForDeploymentPostprocessing = 0;
		};
/* End PBXResourcesBuildPhase section */

/* Begin PBXSourcesBuildPhase section */
		4160ABAA28B56152002D4EF2 /* Sources */ = {
			isa = PBXSourcesBuildPhase;
			buildActionMask = 2147483647;
			files = (
				4160ABB628B56152002D4EF2 /* ViewController.swift in Sources */,
				4160ABB228B56152002D4EF2 /* AppDelegate.swift in Sources */,
				4160ABB428B56152002D4EF2 /* SceneDelegate.swift in Sources */,
			);
			runOnlyForDeploymentPostprocessing = 0;
		};
		4160ABC028B56154002D4EF2 /* Sources */ = {
			isa = PBXSourcesBuildPhase;
			buildActionMask = 2147483647;
			files = (
				4160ABC928B56154002D4EF2 /* GithubFollowersTests.swift in Sources */,
			);
			runOnlyForDeploymentPostprocessing = 0;
		};
		4160ABCA28B56154002D4EF2 /* Sources */ = {
			isa = PBXSourcesBuildPhase;
			buildActionMask = 2147483647;
			files = (
				4160ABD328B56154002D4EF2 /* GithubFollowersUITests.swift in Sources */,
				4160ABD528B56154002D4EF2 /* GithubFollowersUITestsLaunchTests.swift in Sources */,
			);
			runOnlyForDeploymentPostprocessing = 0;
		};
/* End PBXSourcesBuildPhase section */

/* Begin PBXTargetDependency section */
		4160ABC628B56154002D4EF2 /* PBXTargetDependency */ = {
			isa = PBXTargetDependency;
			target = 4160ABAD28B56152002D4EF2 /* GithubFollowers */;
			targetProxy = 4160ABC528B56154002D4EF2 /* PBXContainerItemProxy */;
		};
		4160ABD028B56154002D4EF2 /* PBXTargetDependency */ = {
			isa = PBXTargetDependency;
			target = 4160ABAD28B56152002D4EF2 /* GithubFollowers */;
			targetProxy = 4160ABCF28B56154002D4EF2 /* PBXContainerItemProxy */;
		};
/* End PBXTargetDependency section */

/* Begin PBXVariantGroup section */
		4160ABBC28B56154002D4EF2 /* LaunchScreen.storyboard */ = {
			isa = PBXVariantGroup;
			children = (
				4160ABBD28B56154002D4EF2 /* Base */,
			);
			name = LaunchScreen.storyboard;
			sourceTree = "<group>";
		};
/* End PBXVariantGroup section */

/* Begin XCBuildConfiguration section */
		4160ABD628B56154002D4EF2 /* Debug */ = {
			isa = XCBuildConfiguration;
			buildSettings = {
				ALWAYS_SEARCH_USER_PATHS = NO;
				CLANG_ANALYZER_NONNULL = YES;
				CLANG_ANALYZER_NUMBER_OBJECT_CONVERSION = YES_AGGRESSIVE;
				CLANG_CXX_LANGUAGE_STANDARD = "gnu++17";
				CLANG_ENABLE_MODULES = YES;
				CLANG_ENABLE_OBJC_ARC = YES;
				CLANG_ENABLE_OBJC_WEAK = YES;
				CLANG_WARN_BLOCK_CAPTURE_AUTORELEASING = YES;
				CLANG_WARN_BOOL_CONVERSION = YES;
				CLANG_WARN_COMMA = YES;
				CLANG_WARN_CONSTANT_CONVERSION = YES;
				CLANG_WARN_DEPRECATED_OBJC_IMPLEMENTATIONS = YES;
				CLANG_WARN_DIRECT_OBJC_ISA_USAGE = YES_ERROR;
				CLANG_WARN_DOCUMENTATION_COMMENTS = YES;
				CLANG_WARN_EMPTY_BODY = YES;
				CLANG_WARN_ENUM_CONVERSION = YES;
				CLANG_WARN_INFINITE_RECURSION = YES;
				CLANG_WARN_INT_CONVERSION = YES;
				CLANG_WARN_NON_LITERAL_NULL_CONVERSION = YES;
				CLANG_WARN_OBJC_IMPLICIT_RETAIN_SELF = YES;
				CLANG_WARN_OBJC_LITERAL_CONVERSION = YES;
				CLANG_WARN_OBJC_ROOT_CLASS = YES_ERROR;
				CLANG_WARN_QUOTED_INCLUDE_IN_FRAMEWORK_HEADER = YES;
				CLANG_WARN_RANGE_LOOP_ANALYSIS = YES;
				CLANG_WARN_STRICT_PROTOTYPES = YES;
				CLANG_WARN_SUSPICIOUS_MOVE = YES;
				CLANG_WARN_UNGUARDED_AVAILABILITY = YES_AGGRESSIVE;
				CLANG_WARN_UNREACHABLE_CODE = YES;
				CLANG_WARN__DUPLICATE_METHOD_MATCH = YES;
				COPY_PHASE_STRIP = NO;
				DEBUG_INFORMATION_FORMAT = dwarf;
				ENABLE_STRICT_OBJC_MSGSEND = YES;
				ENABLE_TESTABILITY = YES;
				GCC_C_LANGUAGE_STANDARD = gnu11;
				GCC_DYNAMIC_NO_PIC = NO;
				GCC_NO_COMMON_BLOCKS = YES;
				GCC_OPTIMIZATION_LEVEL = 0;
				GCC_PREPROCESSOR_DEFINITIONS = (
					"DEBUG=1",
					"$(inherited)",
				);
				GCC_WARN_64_TO_32_BIT_CONVERSION = YES;
				GCC_WARN_ABOUT_RETURN_TYPE = YES_ERROR;
				GCC_WARN_UNDECLARED_SELECTOR = YES;
				GCC_WARN_UNINITIALIZED_AUTOS = YES_AGGRESSIVE;
				GCC_WARN_UNUSED_FUNCTION = YES;
				GCC_WARN_UNUSED_VARIABLE = YES;
				IPHONEOS_DEPLOYMENT_TARGET = 13.0;
				MTL_ENABLE_DEBUG_INFO = INCLUDE_SOURCE;
				MTL_FAST_MATH = YES;
				ONLY_ACTIVE_ARCH = YES;
				SDKROOT = iphoneos;
				SWIFT_ACTIVE_COMPILATION_CONDITIONS = DEBUG;
				SWIFT_OPTIMIZATION_LEVEL = "-Onone";
			};
			name = Debug;
		};
		4160ABD728B56154002D4EF2 /* Release */ = {
			isa = XCBuildConfiguration;
			buildSettings = {
				ALWAYS_SEARCH_USER_PATHS = NO;
				CLANG_ANALYZER_NONNULL = YES;
				CLANG_ANALYZER_NUMBER_OBJECT_CONVERSION = YES_AGGRESSIVE;
				CLANG_CXX_LANGUAGE_STANDARD = "gnu++17";
				CLANG_ENABLE_MODULES = YES;
				CLANG_ENABLE_OBJC_ARC = YES;
				CLANG_ENABLE_OBJC_WEAK = YES;
				CLANG_WARN_BLOCK_CAPTURE_AUTORELEASING = YES;
				CLANG_WARN_BOOL_CONVERSION = YES;
				CLANG_WARN_COMMA = YES;
				CLANG_WARN_CONSTANT_CONVERSION = YES;
				CLANG_WARN_DEPRECATED_OBJC_IMPLEMENTATIONS = YES;
				CLANG_WARN_DIRECT_OBJC_ISA_USAGE = YES_ERROR;
				CLANG_WARN_DOCUMENTATION_COMMENTS = YES;
				CLANG_WARN_EMPTY_BODY = YES;
				CLANG_WARN_ENUM_CONVERSION = YES;
				CLANG_WARN_INFINITE_RECURSION = YES;
				CLANG_WARN_INT_CONVERSION = YES;
				CLANG_WARN_NON_LITERAL_NULL_CONVERSION = YES;
				CLANG_WARN_OBJC_IMPLICIT_RETAIN_SELF = YES;
				CLANG_WARN_OBJC_LITERAL_CONVERSION = YES;
				CLANG_WARN_OBJC_ROOT_CLASS = YES_ERROR;
				CLANG_WARN_QUOTED_INCLUDE_IN_FRAMEWORK_HEADER = YES;
				CLANG_WARN_RANGE_LOOP_ANALYSIS = YES;
				CLANG_WARN_STRICT_PROTOTYPES = YES;
				CLANG_WARN_SUSPICIOUS_MOVE = YES;
				CLANG_WARN_UNGUARDED_AVAILABILITY = YES_AGGRESSIVE;
				CLANG_WARN_UNREACHABLE_CODE = YES;
				CLANG_WARN__DUPLICATE_METHOD_MATCH = YES;
				COPY_PHASE_STRIP = NO;
				DEBUG_INFORMATION_FORMAT = "dwarf-with-dsym";
				ENABLE_NS_ASSERTIONS = NO;
				ENABLE_STRICT_OBJC_MSGSEND = YES;
				GCC_C_LANGUAGE_STANDARD = gnu11;
				GCC_NO_COMMON_BLOCKS = YES;
				GCC_WARN_64_TO_32_BIT_CONVERSION = YES;
				GCC_WARN_ABOUT_RETURN_TYPE = YES_ERROR;
				GCC_WARN_UNDECLARED_SELECTOR = YES;
				GCC_WARN_UNINITIALIZED_AUTOS = YES_AGGRESSIVE;
				GCC_WARN_UNUSED_FUNCTION = YES;
				GCC_WARN_UNUSED_VARIABLE = YES;
				IPHONEOS_DEPLOYMENT_TARGET = 13.0;
				MTL_ENABLE_DEBUG_INFO = NO;
				MTL_FAST_MATH = YES;
				SDKROOT = iphoneos;
				SWIFT_COMPILATION_MODE = wholemodule;
				SWIFT_OPTIMIZATION_LEVEL = "-O";
				VALIDATE_PRODUCT = YES;
			};
			name = Release;
		};
		4160ABD928B56154002D4EF2 /* Debug */ = {
			isa = XCBuildConfiguration;
			buildSettings = {
				ASSETCATALOG_COMPILER_APPICON_NAME = AppIcon;
				ASSETCATALOG_COMPILER_GLOBAL_ACCENT_COLOR_NAME = AccentColor;
				CODE_SIGN_STYLE = Automatic;
				CURRENT_PROJECT_VERSION = 1;
				DEVELOPMENT_TEAM = Z9NXKK53HS;
				GENERATE_INFOPLIST_FILE = YES;
				INFOPLIST_FILE = GithubFollowers/Info.plist;
				INFOPLIST_KEY_UIApplicationSupportsIndirectInputEvents = YES;
				INFOPLIST_KEY_UILaunchStoryboardName = LaunchScreen;
				INFOPLIST_KEY_UISupportedInterfaceOrientations = UIInterfaceOrientationPortrait;
				INFOPLIST_KEY_UISupportedInterfaceOrientations_iPad = "UIInterfaceOrientationPortrait UIInterfaceOrientationPortraitUpsideDown UIInterfaceOrientationLandscapeLeft UIInterfaceOrientationLandscapeRight";
				INFOPLIST_KEY_UISupportedInterfaceOrientations_iPhone = "UIInterfaceOrientationPortrait UIInterfaceOrientationLandscapeLeft UIInterfaceOrientationLandscapeRight";
				IPHONEOS_DEPLOYMENT_TARGET = 13.0;
				LD_RUNPATH_SEARCH_PATHS = (
					"$(inherited)",
					"@executable_path/Frameworks",
				);
				MARKETING_VERSION = 1.0;
				PRODUCT_BUNDLE_IDENTIFIER = com.hunterdowney.GithubFollowers;
				PRODUCT_NAME = "$(TARGET_NAME)";
				SWIFT_EMIT_LOC_STRINGS = YES;
				SWIFT_VERSION = 5.0;
				TARGETED_DEVICE_FAMILY = 1;
			};
			name = Debug;
		};
		4160ABDA28B56154002D4EF2 /* Release */ = {
			isa = XCBuildConfiguration;
			buildSettings = {
				ASSETCATALOG_COMPILER_APPICON_NAME = AppIcon;
				ASSETCATALOG_COMPILER_GLOBAL_ACCENT_COLOR_NAME = AccentColor;
				CODE_SIGN_STYLE = Automatic;
				CURRENT_PROJECT_VERSION = 1;
				DEVELOPMENT_TEAM = Z9NXKK53HS;
				GENERATE_INFOPLIST_FILE = YES;
				INFOPLIST_FILE = GithubFollowers/Info.plist;
				INFOPLIST_KEY_UIApplicationSupportsIndirectInputEvents = YES;
				INFOPLIST_KEY_UILaunchStoryboardName = LaunchScreen;
				INFOPLIST_KEY_UISupportedInterfaceOrientations = UIInterfaceOrientationPortrait;
				INFOPLIST_KEY_UISupportedInterfaceOrientations_iPad = "UIInterfaceOrientationPortrait UIInterfaceOrientationPortraitUpsideDown UIInterfaceOrientationLandscapeLeft UIInterfaceOrientationLandscapeRight";
				INFOPLIST_KEY_UISupportedInterfaceOrientations_iPhone = "UIInterfaceOrientationPortrait UIInterfaceOrientationLandscapeLeft UIInterfaceOrientationLandscapeRight";
				IPHONEOS_DEPLOYMENT_TARGET = 13.0;
				LD_RUNPATH_SEARCH_PATHS = (
					"$(inherited)",
					"@executable_path/Frameworks",
				);
				MARKETING_VERSION = 1.0;
				PRODUCT_BUNDLE_IDENTIFIER = com.hunterdowney.GithubFollowers;
				PRODUCT_NAME = "$(TARGET_NAME)";
				SWIFT_EMIT_LOC_STRINGS = YES;
				SWIFT_VERSION = 5.0;
				TARGETED_DEVICE_FAMILY = 1;
			};
			name = Release;
		};
		4160ABDC28B56154002D4EF2 /* Debug */ = {
			isa = XCBuildConfiguration;
			buildSettings = {
				ALWAYS_EMBED_SWIFT_STANDARD_LIBRARIES = YES;
				BUNDLE_LOADER = "$(TEST_HOST)";
				CODE_SIGN_STYLE = Automatic;
				CURRENT_PROJECT_VERSION = 1;
				DEVELOPMENT_TEAM = Z9NXKK53HS;
				GENERATE_INFOPLIST_FILE = YES;
				IPHONEOS_DEPLOYMENT_TARGET = 15.5;
				MARKETING_VERSION = 1.0;
				PRODUCT_BUNDLE_IDENTIFIER = com.hunterdowney.GithubFollowersTests;
				PRODUCT_NAME = "$(TARGET_NAME)";
				SWIFT_EMIT_LOC_STRINGS = NO;
				SWIFT_VERSION = 5.0;
				TARGETED_DEVICE_FAMILY = "1,2";
				TEST_HOST = "$(BUILT_PRODUCTS_DIR)/GithubFollowers.app/GithubFollowers";
			};
			name = Debug;
		};
		4160ABDD28B56154002D4EF2 /* Release */ = {
			isa = XCBuildConfiguration;
			buildSettings = {
				ALWAYS_EMBED_SWIFT_STANDARD_LIBRARIES = YES;
				BUNDLE_LOADER = "$(TEST_HOST)";
				CODE_SIGN_STYLE = Automatic;
				CURRENT_PROJECT_VERSION = 1;
				DEVELOPMENT_TEAM = Z9NXKK53HS;
				GENERATE_INFOPLIST_FILE = YES;
				IPHONEOS_DEPLOYMENT_TARGET = 15.5;
				MARKETING_VERSION = 1.0;
				PRODUCT_BUNDLE_IDENTIFIER = com.hunterdowney.GithubFollowersTests;
				PRODUCT_NAME = "$(TARGET_NAME)";
				SWIFT_EMIT_LOC_STRINGS = NO;
				SWIFT_VERSION = 5.0;
				TARGETED_DEVICE_FAMILY = "1,2";
				TEST_HOST = "$(BUILT_PRODUCTS_DIR)/GithubFollowers.app/GithubFollowers";
			};
			name = Release;
		};
		4160ABDF28B56154002D4EF2 /* Debug */ = {
			isa = XCBuildConfiguration;
			buildSettings = {
				ALWAYS_EMBED_SWIFT_STANDARD_LIBRARIES = YES;
				CODE_SIGN_STYLE = Automatic;
				CURRENT_PROJECT_VERSION = 1;
				DEVELOPMENT_TEAM = Z9NXKK53HS;
				GENERATE_INFOPLIST_FILE = YES;
				MARKETING_VERSION = 1.0;
				PRODUCT_BUNDLE_IDENTIFIER = com.hunterdowney.GithubFollowersUITests;
				PRODUCT_NAME = "$(TARGET_NAME)";
				SWIFT_EMIT_LOC_STRINGS = NO;
				SWIFT_VERSION = 5.0;
				TARGETED_DEVICE_FAMILY = "1,2";
				TEST_TARGET_NAME = GithubFollowers;
			};
			name = Debug;
		};
		4160ABE028B56154002D4EF2 /* Release */ = {
			isa = XCBuildConfiguration;
			buildSettings = {
				ALWAYS_EMBED_SWIFT_STANDARD_LIBRARIES = YES;
				CODE_SIGN_STYLE = Automatic;
				CURRENT_PROJECT_VERSION = 1;
				DEVELOPMENT_TEAM = Z9NXKK53HS;
				GENERATE_INFOPLIST_FILE = YES;
				MARKETING_VERSION = 1.0;
				PRODUCT_BUNDLE_IDENTIFIER = com.hunterdowney.GithubFollowersUITests;
				PRODUCT_NAME = "$(TARGET_NAME)";
				SWIFT_EMIT_LOC_STRINGS = NO;
				SWIFT_VERSION = 5.0;
				TARGETED_DEVICE_FAMILY = "1,2";
				TEST_TARGET_NAME = GithubFollowers;
			};
			name = Release;
		};
/* End XCBuildConfiguration section */

/* Begin XCConfigurationList section */
		4160ABA928B56152002D4EF2 /* Build configuration list for PBXProject "GithubFollowers" */ = {
			isa = XCConfigurationList;
			buildConfigurations = (
				4160ABD628B56154002D4EF2 /* Debug */,
				4160ABD728B56154002D4EF2 /* Release */,
			);
			defaultConfigurationIsVisible = 0;
			defaultConfigurationName = Release;
		};
		4160ABD828B56154002D4EF2 /* Build configuration list for PBXNativeTarget "GithubFollowers" */ = {
			isa = XCConfigurationList;
			buildConfigurations = (
				4160ABD928B56154002D4EF2 /* Debug */,
				4160ABDA28B56154002D4EF2 /* Release */,
			);
			defaultConfigurationIsVisible = 0;
			defaultConfigurationName = Release;
		};
		4160ABDB28B56154002D4EF2 /* Build configuration list for PBXNativeTarget "GithubFollowersTests" */ = {
			isa = XCConfigurationList;
			buildConfigurations = (
				4160ABDC28B56154002D4EF2 /* Debug */,
				4160ABDD28B56154002D4EF2 /* Release */,
			);
			defaultConfigurationIsVisible = 0;
			defaultConfigurationName = Release;
		};
		4160ABDE28B56154002D4EF2 /* Build configuration list for PBXNativeTarget "GithubFollowersUITests" */ = {
			isa = XCConfigurationList;
			buildConfigurations = (
				4160ABDF28B56154002D4EF2 /* Debug */,
				4160ABE028B56154002D4EF2 /* Release */,
			);
			defaultConfigurationIsVisible = 0;
			defaultConfigurationName = Release;
		};
/* End XCConfigurationList section */
	};
	rootObject = 4160ABA628B56152002D4EF2 /* Project object */;
}
